
Microsoft Visual Studio Solution File, Format Version 12.00
# Visual Studio Version 17
VisualStudioVersion = 17.9.34701.34
MinimumVisualStudioVersion = 10.0.40219.1
Project("{FAE04EC0-301F-11D3-BF4B-00C04F79EFBC}") = "immigrationLib", "immigrationLib\immigrationLib.csproj", "{3110387F-404E-4033-A592-DF111590DE8E}"
EndProject
Global
	GlobalSection(SolutionConfigurationPlatforms) = preSolution
		Debug|Any CPU = Debug|Any CPU
		Release|Any CPU = Release|Any CPU
	EndGlobalSection
	GlobalSection(ProjectConfigurationPlatforms) = postSolution
		{3110387F-404E-4033-A592-DF111590DE8E}.Debug|Any CPU.ActiveCfg = Debug|Any CPU
		{3110387F-404E-4033-A592-DF111590DE8E}.Debug|Any CPU.Build.0 = Debug|Any CPU
		{3110387F-404E-4033-A592-DF111590DE8E}.Release|Any CPU.ActiveCfg = Release|Any CPU
		{3110387F-404E-4033-A592-DF111590DE8E}.Release|Any CPU.Build.0 = Release|Any CPU
	EndGlobalSection
	GlobalSection(SolutionProperties) = preSolution
		HideSolutionNode = FALSE
	EndGlobalSection
	GlobalSection(ExtensibilityGlobals) = postSolution
		SolutionGuid = {09CF94B5-247D-4D2E-A9DA-0BDA8232BFD0}
	EndGlobalSection
EndGlobal
