
Microsoft Visual Studio Solution File, Format Version 12.00
# Visual Studio Version 17
VisualStudioVersion = 17.9.34701.34
MinimumVisualStudioVersion = 10.0.40219.1
Project("{FAE04EC0-301F-11D3-BF4B-00C04F79EFBC}") = "users", "users\users.csproj", "{FFFE4CC8-0BD1-49BB-B810-1015ED66E9F4}"
EndProject
Global
	GlobalSection(SolutionConfigurationPlatforms) = preSolution
		Debug|Any CPU = Debug|Any CPU
		Release|Any CPU = Release|Any CPU
	EndGlobalSection
	GlobalSection(ProjectConfigurationPlatforms) = postSolution
		{FFFE4CC8-0BD1-49BB-B810-1015ED66E9F4}.Debug|Any CPU.ActiveCfg = Debug|Any CPU
		{FFFE4CC8-0BD1-49BB-B810-1015ED66E9F4}.Debug|Any CPU.Build.0 = Debug|Any CPU
		{FFFE4CC8-0BD1-49BB-B810-1015ED66E9F4}.Release|Any CPU.ActiveCfg = Release|Any CPU
		{FFFE4CC8-0BD1-49BB-B810-1015ED66E9F4}.Release|Any CPU.Build.0 = Release|Any CPU
	EndGlobalSection
	GlobalSection(SolutionProperties) = preSolution
		HideSolutionNode = FALSE
	EndGlobalSection
	GlobalSection(ExtensibilityGlobals) = postSolution
		SolutionGuid = {11948863-7FE8-432E-AC24-4087B4AAAC95}
	EndGlobalSection
EndGlobal
