
Microsoft Visual Studio Solution File, Format Version 12.00
# Visual Studio Version 17
VisualStudioVersion = 17.9.34701.34
MinimumVisualStudioVersion = 10.0.40219.1
Project("{FAE04EC0-301F-11D3-BF4B-00C04F79EFBC}") = "March22nd", "March22nd\March22nd.csproj", "{D113F2B1-1073-4194-A826-46D4B29046B4}"
EndProject
Global
	GlobalSection(SolutionConfigurationPlatforms) = preSolution
		Debug|Any CPU = Debug|Any CPU
		Release|Any CPU = Release|Any CPU
	EndGlobalSection
	GlobalSection(ProjectConfigurationPlatforms) = postSolution
		{D113F2B1-1073-4194-A826-46D4B29046B4}.Debug|Any CPU.ActiveCfg = Debug|Any CPU
		{D113F2B1-1073-4194-A826-46D4B29046B4}.Debug|Any CPU.Build.0 = Debug|Any CPU
		{D113F2B1-1073-4194-A826-46D4B29046B4}.Release|Any CPU.ActiveCfg = Release|Any CPU
		{D113F2B1-1073-4194-A826-46D4B29046B4}.Release|Any CPU.Build.0 = Release|Any CPU
	EndGlobalSection
	GlobalSection(SolutionProperties) = preSolution
		HideSolutionNode = FALSE
	EndGlobalSection
	GlobalSection(ExtensibilityGlobals) = postSolution
		SolutionGuid = {11923851-34AD-40DD-9608-57CF8B4BD54D}
	EndGlobalSection
EndGlobal
